{
    "_readme": [
        "This file locks the dependencies of your project to a known state",
        "Read more about it at https://getcomposer.org/doc/01-basic-usage.md#installing-dependencies",
        "This file is @generated automatically"
    ],
    "content-hash": "18b94393554deff7540b091858e0da37",
    "packages": [
        {
            "name": "thiagofleal/tonight-php",
            "version": "dev-master",
            "source": {
                "type": "git",
                "url": "https://github.com/thiagofleal/Tonight-PHP.git",
                "reference": "d472cc1494136f53450d20b3f209d6cecc0b74f5"
            },
            "dist": {
                "type": "zip",
                "url": "https://api.github.com/repos/thiagofleal/Tonight-PHP/zipball/d472cc1494136f53450d20b3f209d6cecc0b74f5",
                "reference": "d472cc1494136f53450d20b3f209d6cecc0b74f5",
                "shasum": ""
            },
            "require": {
                "php": ">=5.6"
            },
            "default-branch": true,
            "type": "library",
            "autoload": {
                "psr-4": {
                    "Tonight\\": "src/"
                }
            },
            "notification-url": "https://packagist.org/downloads/",
            "authors": [
                {
                    "name": "Thiago Fernandes Leal",
                    "email": "contato@thiagofleal.com.br"
                }
            ],
            "support": {
                "issues": "https://github.com/thiagofleal/Tonight-PHP/issues",
                "source": "https://github.com/thiagofleal/Tonight-PHP/tree/master"
            },
            "time": "2022-07-01T02:04:24+00:00"
        }
    ],
    "packages-dev": [],
    "aliases": [],
    "minimum-stability": "dev",
    "stability-flags": {
        "thiagofleal/tonight-php": 20
    },
    "prefer-stable": false,
    "prefer-lowest": false,
    "platform": [],
    "platform-dev": [],
    "plugin-api-version": "2.1.0"
}
